
Microsoft Visual Studio Solution File, Format Version 12.00
# Visual Studio Version 16
VisualStudioVersion = 16.0.31129.286
MinimumVisualStudioVersion = 10.0.40219.1
Project("{FAE04EC0-301F-11D3-BF4B-00C04F79EFBC}") = "XUMM.Net", "XUMM.Net\XUMM.Net.csproj", "{30499E0D-36B6-4375-90C8-5189A4A5D738}"
EndProject
Global
	GlobalSection(SolutionConfigurationPlatforms) = preSolution
		Debug|Any CPU = Debug|Any CPU
		Release|Any CPU = Release|Any CPU
	EndGlobalSection
	GlobalSection(ProjectConfigurationPlatforms) = postSolution
		{30499E0D-36B6-4375-90C8-5189A4A5D738}.Debug|Any CPU.ActiveCfg = Debug|Any CPU
		{30499E0D-36B6-4375-90C8-5189A4A5D738}.Debug|Any CPU.Build.0 = Debug|Any CPU
		{30499E0D-36B6-4375-90C8-5189A4A5D738}.Release|Any CPU.ActiveCfg = Release|Any CPU
		{30499E0D-36B6-4375-90C8-5189A4A5D738}.Release|Any CPU.Build.0 = Release|Any CPU
	EndGlobalSection
	GlobalSection(SolutionProperties) = preSolution
		HideSolutionNode = FALSE
	EndGlobalSection
	GlobalSection(ExtensibilityGlobals) = postSolution
		SolutionGuid = {00F9CCB4-0863-455A-B517-A0C9B82BAA76}
	EndGlobalSection
EndGlobal
